
Microsoft Visual Studio Solution File, Format Version 12.00
# Visual Studio 15
VisualStudioVersion = 15.0.28307.106
MinimumVisualStudioVersion = 10.0.40219.1
Project("{9092AA53-FB77-4645-B42D-1CCCA6BD08BD}") = "LearningAPI", "LearningAPI\LearningAPI.njsproj", "{0380DC53-BB78-47C4-872B-E8BF6E0FE0FB}"
EndProject
Global
	GlobalSection(SolutionConfigurationPlatforms) = preSolution
		Debug|Any CPU = Debug|Any CPU
		Release|Any CPU = Release|Any CPU
	EndGlobalSection
	GlobalSection(ProjectConfigurationPlatforms) = postSolution
		{0380DC53-BB78-47C4-872B-E8BF6E0FE0FB}.Debug|Any CPU.ActiveCfg = Debug|Any CPU
		{0380DC53-BB78-47C4-872B-E8BF6E0FE0FB}.Debug|Any CPU.Build.0 = Debug|Any CPU
		{0380DC53-BB78-47C4-872B-E8BF6E0FE0FB}.Release|Any CPU.ActiveCfg = Release|Any CPU
		{0380DC53-BB78-47C4-872B-E8BF6E0FE0FB}.Release|Any CPU.Build.0 = Release|Any CPU
	EndGlobalSection
	GlobalSection(SolutionProperties) = preSolution
		HideSolutionNode = FALSE
	EndGlobalSection
	GlobalSection(ExtensibilityGlobals) = postSolution
		SolutionGuid = {185ACDF0-D2FE-4161-86FE-0576080B5A38}
	EndGlobalSection
EndGlobal
